
Microsoft Visual Studio Solution File, Format Version 12.00
# Visual Studio 2012
Project("{FAE04EC0-301F-11D3-BF4B-00C04F79EFBC}") = "SharpTF2", "SharpTF2\SharpTF2.csproj", "{B161E6B7-D728-4162-8280-9D0E3ACF5FEA}"
EndProject
Project("{FAE04EC0-301F-11D3-BF4B-00C04F79EFBC}") = "Runner", "Runner\Runner.csproj", "{66414463-E26E-4825-944A-3981FE6701EB}"
EndProject
Global
	GlobalSection(SolutionConfigurationPlatforms) = preSolution
		Debug|Any CPU = Debug|Any CPU
		Release|Any CPU = Release|Any CPU
	EndGlobalSection
	GlobalSection(ProjectConfigurationPlatforms) = postSolution
		{B161E6B7-D728-4162-8280-9D0E3ACF5FEA}.Debug|Any CPU.ActiveCfg = Debug|Any CPU
		{B161E6B7-D728-4162-8280-9D0E3ACF5FEA}.Debug|Any CPU.Build.0 = Debug|Any CPU
		{B161E6B7-D728-4162-8280-9D0E3ACF5FEA}.Release|Any CPU.ActiveCfg = Release|Any CPU
		{B161E6B7-D728-4162-8280-9D0E3ACF5FEA}.Release|Any CPU.Build.0 = Release|Any CPU
		{66414463-E26E-4825-944A-3981FE6701EB}.Debug|Any CPU.ActiveCfg = Debug|Any CPU
		{66414463-E26E-4825-944A-3981FE6701EB}.Debug|Any CPU.Build.0 = Debug|Any CPU
		{66414463-E26E-4825-944A-3981FE6701EB}.Release|Any CPU.ActiveCfg = Release|Any CPU
		{66414463-E26E-4825-944A-3981FE6701EB}.Release|Any CPU.Build.0 = Release|Any CPU
	EndGlobalSection
	GlobalSection(SolutionProperties) = preSolution
		HideSolutionNode = FALSE
	EndGlobalSection
EndGlobal
